
Microsoft Visual Studio Solution File, Format Version 12.00
# Visual Studio 15
VisualStudioVersion = 15.0.26228.4
MinimumVisualStudioVersion = 10.0.40219.1
Project("{FAE04EC0-301F-11D3-BF4B-00C04F79EFBC}") = "AutomationForNewBusiness", "AutomationForNewBusiness\AutomationForNewBusiness.csproj", "{053AF11A-04B5-481D-96F7-288B9DF9DC1B}"
EndProject
Global
	GlobalSection(SolutionConfigurationPlatforms) = preSolution
		Debug|Any CPU = Debug|Any CPU
		Release|Any CPU = Release|Any CPU
	EndGlobalSection
	GlobalSection(ProjectConfigurationPlatforms) = postSolution
		{053AF11A-04B5-481D-96F7-288B9DF9DC1B}.Debug|Any CPU.ActiveCfg = Debug|Any CPU
		{053AF11A-04B5-481D-96F7-288B9DF9DC1B}.Debug|Any CPU.Build.0 = Debug|Any CPU
		{053AF11A-04B5-481D-96F7-288B9DF9DC1B}.Release|Any CPU.ActiveCfg = Release|Any CPU
		{053AF11A-04B5-481D-96F7-288B9DF9DC1B}.Release|Any CPU.Build.0 = Release|Any CPU
	EndGlobalSection
	GlobalSection(SolutionProperties) = preSolution
		HideSolutionNode = FALSE
	EndGlobalSection
EndGlobal
